// !$*UTF8*$!
{
	archiveVersion = 1;
	classes = {
	};
	objectVersion = 46;
	objects = {

/* Begin PBXBuildFile section */
		29C69F801D9517E20028C991 /* PlaySoundsViewController+Audio.swift in Sources */ = {isa = PBXBuildFile; fileRef = 29C69F7F1D9517E20028C991 /* PlaySoundsViewController+Audio.swift */; };
		29CE049D1D94ADCC0034F3CA /* AppDelegate.swift in Sources */ = {isa = PBXBuildFile; fileRef = 29CE049C1D94ADCC0034F3CA /* AppDelegate.swift */; };
		29CE049F1D94ADCC0034F3CA /* recordSoundsViewController.swift in Sources */ = {isa = PBXBuildFile; fileRef = 29CE049E1D94ADCC0034F3CA /* recordSoundsViewController.swift */; };
		29CE04A21D94ADCC0034F3CA /* Main.storyboard in Resources */ = {isa = PBXBuildFile; fileRef = 29CE04A01D94ADCC0034F3CA /* Main.storyboard */; };
		29CE04A41D94ADCC0034F3CA /* Assets.xcassets in Resources */ = {isa = PBXBuildFile; fileRef = 29CE04A31D94ADCC0034F3CA /* Assets.xcassets */; };
		29CE04A71D94ADCC0034F3CA /* LaunchScreen.storyboard in Resources */ = {isa = PBXBuildFile; fileRef = 29CE04A51D94ADCC0034F3CA /* LaunchScreen.storyboard */; };
		29CE04B21D94ADCC0034F3CA /* PitchPerfectTests.swift in Sources */ = {isa = PBXBuildFile; fileRef = 29CE04B11D94ADCC0034F3CA /* PitchPerfectTests.swift */; };
		29CE04BD1D94ADCC0034F3CA /* PitchPerfectUITests.swift in Sources */ = {isa = PBXBuildFile; fileRef = 29CE04BC1D94ADCC0034F3CA /* PitchPerfectUITests.swift */; };
		29CE04CB1D9508A60034F3CA /* PlaySoundsViewController.swift in Sources */ = {isa = PBXBuildFile; fileRef = 29CE04CA1D9508A60034F3CA /* PlaySoundsViewController.swift */; };
/* End PBXBuildFile section */

/* Begin PBXContainerItemProxy section */
		29CE04AE1D94ADCC0034F3CA /* PBXContainerItemProxy */ = {
			isa = PBXContainerItemProxy;
			containerPortal = 29CE04911D94ADCC0034F3CA /* Project object */;
			proxyType = 1;
			remoteGlobalIDString = 29CE04981D94ADCC0034F3CA;
			remoteInfo = PitchPerfect;
		};
		29CE04B91D94ADCC0034F3CA /* PBXContainerItemProxy */ = {
			isa = PBXContainerItemProxy;
			containerPortal = 29CE04911D94ADCC0034F3CA /* Project object */;
			proxyType = 1;
			remoteGlobalIDString = 29CE04981D94ADCC0034F3CA;
			remoteInfo = PitchPerfect;
		};
/* End PBXContainerItemProxy section */

/* Begin PBXFileReference section */
		29C69F7F1D9517E20028C991 /* PlaySoundsViewController+Audio.swift */ = {isa = PBXFileReference; fileEncoding = 4; lastKnownFileType = sourcecode.swift; path = "PlaySoundsViewController+Audio.swift"; sourceTree = "<group>"; };
		29CE04991D94ADCC0034F3CA /* PitchPerfect.app */ = {isa = PBXFileReference; explicitFileType = wrapper.application; includeInIndex = 0; path = PitchPerfect.app; sourceTree = BUILT_PRODUCTS_DIR; };
		29CE049C1D94ADCC0034F3CA /* AppDelegate.swift */ = {isa = PBXFileReference; lastKnownFileType = sourcecode.swift; path = AppDelegate.swift; sourceTree = "<group>"; };
		29CE049E1D94ADCC0034F3CA /* recordSoundsViewController.swift */ = {isa = PBXFileReference; lastKnownFileType = sourcecode.swift; path = recordSoundsViewController.swift; sourceTree = "<group>"; };
		29CE04A11D94ADCC0034F3CA /* Base */ = {isa = PBXFileReference; lastKnownFileType = file.storyboard; name = Base; path = Base.lproj/Main.storyboard; sourceTree = "<group>"; };
		29CE04A31D94ADCC0034F3CA /* Assets.xcassets */ = {isa = PBXFileReference; lastKnownFileType = folder.assetcatalog; path = Assets.xcassets; sourceTree = "<group>"; };
		29CE04A61D94ADCC0034F3CA /* Base */ = {isa = PBXFileReference; lastKnownFileType = file.storyboard; name = Base; path = Base.lproj/LaunchScreen.storyboard; sourceTree = "<group>"; };
		29CE04A81D94ADCC0034F3CA /* Info.plist */ = {isa = PBXFileReference; lastKnownFileType = text.plist.xml; path = Info.plist; sourceTree = "<group>"; };
		29CE04AD1D94ADCC0034F3CA /* PitchPerfectTests.xctest */ = {isa = PBXFileReference; explicitFileType = wrapper.cfbundle; includeInIndex = 0; path = PitchPerfectTests.xctest; sourceTree = BUILT_PRODUCTS_DIR; };
		29CE04B11D94ADCC0034F3CA /* PitchPerfectTests.swift */ = {isa = PBXFileReference; lastKnownFileType = sourcecode.swift; path = PitchPerfectTests.swift; sourceTree = "<group>"; };
		29CE04B31D94ADCC0034F3CA /* Info.plist */ = {isa = PBXFileReference; lastKnownFileType = text.plist.xml; path = Info.plist; sourceTree = "<group>"; };
		29CE04B81D94ADCC0034F3CA /* PitchPerfectUITests.xctest */ = {isa = PBXFileReference; explicitFileType = wrapper.cfbundle; includeInIndex = 0; path = PitchPerfectUITests.xctest; sourceTree = BUILT_PRODUCTS_DIR; };
		29CE04BC1D94ADCC0034F3CA /* PitchPerfectUITests.swift */ = {isa = PBXFileReference; lastKnownFileType = sourcecode.swift; path = PitchPerfectUITests.swift; sourceTree = "<group>"; };
		29CE04BE1D94ADCC0034F3CA /* Info.plist */ = {isa = PBXFileReference; lastKnownFileType = text.plist.xml; path = Info.plist; sourceTree = "<group>"; };
		29CE04CA1D9508A60034F3CA /* PlaySoundsViewController.swift */ = {isa = PBXFileReference; fileEncoding = 4; lastKnownFileType = sourcecode.swift; path = PlaySoundsViewController.swift; sourceTree = "<group>"; };
/* End PBXFileReference section */

/* Begin PBXFrameworksBuildPhase section */
		29CE04961D94ADCC0034F3CA /* Frameworks */ = {
			isa = PBXFrameworksBuildPhase;
			buildActionMask = 2147483647;
			files = (
			);
			runOnlyForDeploymentPostprocessing = 0;
		};
		29CE04AA1D94ADCC0034F3CA /* Frameworks */ = {
			isa = PBXFrameworksBuildPhase;
			buildActionMask = 2147483647;
			files = (
			);
			runOnlyForDeploymentPostprocessing = 0;
		};
		29CE04B51D94ADCC0034F3CA /* Frameworks */ = {
			isa = PBXFrameworksBuildPhase;
			buildActionMask = 2147483647;
			files = (
			);
			runOnlyForDeploymentPostprocessing = 0;
		};
/* End PBXFrameworksBuildPhase section */

/* Begin PBXGroup section */
		29CE04901D94ADCC0034F3CA = {
			isa = PBXGroup;
			children = (
				29CE049B1D94ADCC0034F3CA /* PitchPerfect */,
				29CE04B01D94ADCC0034F3CA /* PitchPerfectTests */,
				29CE04BB1D94ADCC0034F3CA /* PitchPerfectUITests */,
				29CE049A1D94ADCC0034F3CA /* Products */,
			);
			sourceTree = "<group>";
		};
		29CE049A1D94ADCC0034F3CA /* Products */ = {
			isa = PBXGroup;
			children = (
				29CE04991D94ADCC0034F3CA /* PitchPerfect.app */,
				29CE04AD1D94ADCC0034F3CA /* PitchPerfectTests.xctest */,
				29CE04B81D94ADCC0034F3CA /* PitchPerfectUITests.xctest */,
			);
			name = Products;
			sourceTree = "<group>";
		};
		29CE049B1D94ADCC0034F3CA /* PitchPerfect */ = {
			isa = PBXGroup;
			children = (
				29CE049C1D94ADCC0034F3CA /* AppDelegate.swift */,
				29CE049E1D94ADCC0034F3CA /* recordSoundsViewController.swift */,
				29CE04A01D94ADCC0034F3CA /* Main.storyboard */,
				29CE04CA1D9508A60034F3CA /* PlaySoundsViewController.swift */,
				29C69F7F1D9517E20028C991 /* PlaySoundsViewController+Audio.swift */,
				29CE04A31D94ADCC0034F3CA /* Assets.xcassets */,
				29CE04A51D94ADCC0034F3CA /* LaunchScreen.storyboard */,
				29CE04A81D94ADCC0034F3CA /* Info.plist */,
			);
			path = PitchPerfect;
			sourceTree = "<group>";
		};
		29CE04B01D94ADCC0034F3CA /* PitchPerfectTests */ = {
			isa = PBXGroup;
			children = (
				29CE04B11D94ADCC0034F3CA /* PitchPerfectTests.swift */,
				29CE04B31D94ADCC0034F3CA /* Info.plist */,
			);
			path = PitchPerfectTests;
			sourceTree = "<group>";
		};
		29CE04BB1D94ADCC0034F3CA /* PitchPerfectUITests */ = {
			isa = PBXGroup;
			children = (
				29CE04BC1D94ADCC0034F3CA /* PitchPerfectUITests.swift */,
				29CE04BE1D94ADCC0034F3CA /* Info.plist */,
			);
			path = PitchPerfectUITests;
			sourceTree = "<group>";
		};
/* End PBXGroup section */

/* Begin PBXNativeTarget section */
		29CE04981D94ADCC0034F3CA /* PitchPerfect */ = {
			isa = PBXNativeTarget;
			buildConfigurationList = 29CE04C11D94ADCC0034F3CA /* Build configuration list for PBXNativeTarget "PitchPerfect" */;
			buildPhases = (
				29CE04951D94ADCC0034F3CA /* Sources */,
				29CE04961D94ADCC0034F3CA /* Frameworks */,
				29CE04971D94ADCC0034F3CA /* Resources */,
			);
			buildRules = (
			);
			dependencies = (
			);
			name = PitchPerfect;
			productName = PitchPerfect;
			productReference = 29CE04991D94ADCC0034F3CA /* PitchPerfect.app */;
			productType = "com.apple.product-type.application";
		};
		29CE04AC1D94ADCC0034F3CA /* PitchPerfectTests */ = {
			isa = PBXNativeTarget;
			buildConfigurationList = 29CE04C41D94ADCC0034F3CA /* Build configuration list for PBXNativeTarget "PitchPerfectTests" */;
			buildPhases = (
				29CE04A91D94ADCC0034F3CA /* Sources */,
				29CE04AA1D94ADCC0034F3CA /* Frameworks */,
				29CE04AB1D94ADCC0034F3CA /* Resources */,
			);
			buildRules = (
			);
			dependencies = (
				29CE04AF1D94ADCC0034F3CA /* PBXTargetDependency */,
			);
			name = PitchPerfectTests;
			productName = PitchPerfectTests;
			productReference = 29CE04AD1D94ADCC0034F3CA /* PitchPerfectTests.xctest */;
			productType = "com.apple.product-type.bundle.unit-test";
		};
		29CE04B71D94ADCC0034F3CA /* PitchPerfectUITests */ = {
			isa = PBXNativeTarget;
			buildConfigurationList = 29CE04C71D94ADCC0034F3CA /* Build configuration list for PBXNativeTarget "PitchPerfectUITests" */;
			buildPhases = (
				29CE04B41D94ADCC0034F3CA /* Sources */,
				29CE04B51D94ADCC0034F3CA /* Frameworks */,
				29CE04B61D94ADCC0034F3CA /* Resources */,
			);
			buildRules = (
			);
			dependencies = (
				29CE04BA1D94ADCC0034F3CA /* PBXTargetDependency */,
			);
			name = PitchPerfectUITests;
			productName = PitchPerfectUITests;
			productReference = 29CE04B81D94ADCC0034F3CA /* PitchPerfectUITests.xctest */;
			productType = "com.apple.product-type.bundle.ui-testing";
		};
/* End PBXNativeTarget section */

/* Begin PBXProject section */
		29CE04911D94ADCC0034F3CA /* Project object */ = {
			isa = PBXProject;
			attributes = {
				LastSwiftUpdateCheck = 0800;
				LastUpgradeCheck = 0800;
				ORGANIZATIONNAME = "Aabhimanyu Gupta";
				TargetAttributes = {
					29CE04981D94ADCC0034F3CA = {
						CreatedOnToolsVersion = 8.0;
						ProvisioningStyle = Automatic;
					};
					29CE04AC1D94ADCC0034F3CA = {
						CreatedOnToolsVersion = 8.0;
						ProvisioningStyle = Automatic;
						TestTargetID = 29CE04981D94ADCC0034F3CA;
					};
					29CE04B71D94ADCC0034F3CA = {
						CreatedOnToolsVersion = 8.0;
						ProvisioningStyle = Automatic;
						TestTargetID = 29CE04981D94ADCC0034F3CA;
					};
				};
			};
			buildConfigurationList = 29CE04941D94ADCC0034F3CA /* Build configuration list for PBXProject "PitchPerfect" */;
			compatibilityVersion = "Xcode 3.2";
			developmentRegion = English;
			hasScannedForEncodings = 0;
			knownRegions = (
				en,
				Base,
			);
			mainGroup = 29CE04901D94ADCC0034F3CA;
			productRefGroup = 29CE049A1D94ADCC0034F3CA /* Products */;
			projectDirPath = "";
			projectRoot = "";
			targets = (
				29CE04981D94ADCC0034F3CA /* PitchPerfect */,
				29CE04AC1D94ADCC0034F3CA /* PitchPerfectTests */,
				29CE04B71D94ADCC0034F3CA /* PitchPerfectUITests */,
			);
		};
/* End PBXProject section */

/* Begin PBXResourcesBuildPhase section */
		29CE04971D94ADCC0034F3CA /* Resources */ = {
			isa = PBXResourcesBuildPhase;
			buildActionMask = 2147483647;
			files = (
				29CE04A71D94ADCC0034F3CA /* LaunchScreen.storyboard in Resources */,
				29CE04A41D94ADCC0034F3CA /* Assets.xcassets in Resources */,
				29CE04A21D94ADCC0034F3CA /* Main.storyboard in Resources */,
			);
			runOnlyForDeploymentPostprocessing = 0;
		};
		29CE04AB1D94ADCC0034F3CA /* Resources */ = {
			isa = PBXResourcesBuildPhase;
			buildActionMask = 2147483647;
			files = (
			);
			runOnlyForDeploymentPostprocessing = 0;
		};
		29CE04B61D94ADCC0034F3CA /* Resources */ = {
			isa = PBXResourcesBuildPhase;
			buildActionMask = 2147483647;
			files = (
			);
			runOnlyForDeploymentPostprocessing = 0;
		};
/* End PBXResourcesBuildPhase section */

/* Begin PBXSourcesBuildPhase section */
		29CE04951D94ADCC0034F3CA /* Sources */ = {
			isa = PBXSourcesBuildPhase;
			buildActionMask = 2147483647;
			files = (
				29CE049F1D94ADCC0034F3CA /* recordSoundsViewController.swift in Sources */,
				29C69F801D9517E20028C991 /* PlaySoundsViewController+Audio.swift in Sources */,
				29CE04CB1D9508A60034F3CA /* PlaySoundsViewController.swift in Sources */,
				29CE049D1D94ADCC0034F3CA /* AppDelegate.swift in Sources */,
			);
			runOnlyForDeploymentPostprocessing = 0;
		};
		29CE04A91D94ADCC0034F3CA /* Sources */ = {
			isa = PBXSourcesBuildPhase;
			buildActionMask = 2147483647;
			files = (
				29CE04B21D94ADCC0034F3CA /* PitchPerfectTests.swift in Sources */,
			);
			runOnlyForDeploymentPostprocessing = 0;
		};
		29CE04B41D94ADCC0034F3CA /* Sources */ = {
			isa = PBXSourcesBuildPhase;
			buildActionMask = 2147483647;
			files = (
				29CE04BD1D94ADCC0034F3CA /* PitchPerfectUITests.swift in Sources */,
			);
			runOnlyForDeploymentPostprocessing = 0;
		};
/* End PBXSourcesBuildPhase section */

/* Begin PBXTargetDependency section */
		29CE04AF1D94ADCC0034F3CA /* PBXTargetDependency */ = {
			isa = PBXTargetDependency;
			target = 29CE04981D94ADCC0034F3CA /* PitchPerfect */;
			targetProxy = 29CE04AE1D94ADCC0034F3CA /* PBXContainerItemProxy */;
		};
		29CE04BA1D94ADCC0034F3CA /* PBXTargetDependency */ = {
			isa = PBXTargetDependency;
			target = 29CE04981D94ADCC0034F3CA /* PitchPerfect */;
			targetProxy = 29CE04B91D94ADCC0034F3CA /* PBXContainerItemProxy */;
		};
/* End PBXTargetDependency section */

/* Begin PBXVariantGroup section */
		29CE04A01D94ADCC0034F3CA /* Main.storyboard */ = {
			isa = PBXVariantGroup;
			children = (
				29CE04A11D94ADCC0034F3CA /* Base */,
			);
			name = Main.storyboard;
			sourceTree = "<group>";
		};
		29CE04A51D94ADCC0034F3CA /* LaunchScreen.storyboard */ = {
			isa = PBXVariantGroup;
			children = (
				29CE04A61D94ADCC0034F3CA /* Base */,
			);
			name = LaunchScreen.storyboard;
			sourceTree = "<group>";
		};
/* End PBXVariantGroup section */

/* Begin XCBuildConfiguration section */
		29CE04BF1D94ADCC0034F3CA /* Debug */ = {
			isa = XCBuildConfiguration;
			buildSettings = {
				ALWAYS_SEARCH_USER_PATHS = NO;
				CLANG_ANALYZER_NONNULL = YES;
				CLANG_CXX_LANGUAGE_STANDARD = "gnu++0x";
				CLANG_CXX_LIBRARY = "libc++";
				CLANG_ENABLE_MODULES = YES;
				CLANG_ENABLE_OBJC_ARC = YES;
				CLANG_WARN_BOOL_CONVERSION = YES;
				CLANG_WARN_CONSTANT_CONVERSION = YES;
				CLANG_WARN_DIRECT_OBJC_ISA_USAGE = YES_ERROR;
				CLANG_WARN_DOCUMENTATION_COMMENTS = YES;
				CLANG_WARN_EMPTY_BODY = YES;
				CLANG_WARN_ENUM_CONVERSION = YES;
				CLANG_WARN_INFINITE_RECURSION = YES;
				CLANG_WARN_INT_CONVERSION = YES;
				CLANG_WARN_OBJC_ROOT_CLASS = YES_ERROR;
				CLANG_WARN_SUSPICIOUS_MOVES = YES;
				CLANG_WARN_UNREACHABLE_CODE = YES;
				CLANG_WARN__DUPLICATE_METHOD_MATCH = YES;
				"CODE_SIGN_IDENTITY[sdk=iphoneos*]" = "iPhone Developer";
				COPY_PHASE_STRIP = NO;
				DEBUG_INFORMATION_FORMAT = dwarf;
				ENABLE_STRICT_OBJC_MSGSEND = YES;
				ENABLE_TESTABILITY = YES;
				GCC_C_LANGUAGE_STANDARD = gnu99;
				GCC_DYNAMIC_NO_PIC = NO;
				GCC_NO_COMMON_BLOCKS = YES;
				GCC_OPTIMIZATION_LEVEL = 0;
				GCC_PREPROCESSOR_DEFINITIONS = (
					"DEBUG=1",
					"$(inherited)",
				);
				GCC_WARN_64_TO_32_BIT_CONVERSION = YES;
				GCC_WARN_ABOUT_RETURN_TYPE = YES_ERROR;
				GCC_WARN_UNDECLARED_SELECTOR = YES;
				GCC_WARN_UNINITIALIZED_AUTOS = YES_AGGRESSIVE;
				GCC_WARN_UNUSED_FUNCTION = YES;
				GCC_WARN_UNUSED_VARIABLE = YES;
				IPHONEOS_DEPLOYMENT_TARGET = 10.0;
				MTL_ENABLE_DEBUG_INFO = YES;
				ONLY_ACTIVE_ARCH = YES;
				SDKROOT = iphoneos;
				SWIFT_ACTIVE_COMPILATION_CONDITIONS = DEBUG;
				SWIFT_OPTIMIZATION_LEVEL = "-Onone";
				TARGETED_DEVICE_FAMILY = "1,2";
			};
			name = Debug;
		};
		29CE04C01D94ADCC0034F3CA /* Release */ = {
			isa = XCBuildConfiguration;
			buildSettings = {
				ALWAYS_SEARCH_USER_PATHS = NO;
				CLANG_ANALYZER_NONNULL = YES;
				CLANG_CXX_LANGUAGE_STANDARD = "gnu++0x";
				CLANG_CXX_LIBRARY = "libc++";
				CLANG_ENABLE_MODULES = YES;
				CLANG_ENABLE_OBJC_ARC = YES;
				CLANG_WARN_BOOL_CONVERSION = YES;
				CLANG_WARN_CONSTANT_CONVERSION = YES;
				CLANG_WARN_DIRECT_OBJC_ISA_USAGE = YES_ERROR;
				CLANG_WARN_DOCUMENTATION_COMMENTS = YES;
				CLANG_WARN_EMPTY_BODY = YES;
				CLANG_WARN_ENUM_CONVERSION = YES;
				CLANG_WARN_INFINITE_RECURSION = YES;
				CLANG_WARN_INT_CONVERSION = YES;
				CLANG_WARN_OBJC_ROOT_CLASS = YES_ERROR;
				CLANG_WARN_SUSPICIOUS_MOVES = YES;
				CLANG_WARN_UNREACHABLE_CODE = YES;
				CLANG_WARN__DUPLICATE_METHOD_MATCH = YES;
				"CODE_SIGN_IDENTITY[sdk=iphoneos*]" = "iPhone Developer";
				COPY_PHASE_STRIP = NO;
				DEBUG_INFORMATION_FORMAT = "dwarf-with-dsym";
				ENABLE_NS_ASSERTIONS = NO;
				ENABLE_STRICT_OBJC_MSGSEND = YES;
				GCC_C_LANGUAGE_STANDARD = gnu99;
				GCC_NO_COMMON_BLOCKS = YES;
				GCC_WARN_64_TO_32_BIT_CONVERSION = YES;
				GCC_WARN_ABOUT_RETURN_TYPE = YES_ERROR;
				GCC_WARN_UNDECLARED_SELECTOR = YES;
				GCC_WARN_UNINITIALIZED_AUTOS = YES_AGGRESSIVE;
				GCC_WARN_UNUSED_FUNCTION = YES;
				GCC_WARN_UNUSED_VARIABLE = YES;
				IPHONEOS_DEPLOYMENT_TARGET = 10.0;
				MTL_ENABLE_DEBUG_INFO = NO;
				SDKROOT = iphoneos;
				SWIFT_OPTIMIZATION_LEVEL = "-Owholemodule";
				TARGETED_DEVICE_FAMILY = "1,2";
				VALIDATE_PRODUCT = YES;
			};
			name = Release;
		};
		29CE04C21D94ADCC0034F3CA /* Debug */ = {
			isa = XCBuildConfiguration;
			buildSettings = {
				ASSETCATALOG_COMPILER_APPICON_NAME = AppIcon;
				INFOPLIST_FILE = PitchPerfect/Info.plist;
				LD_RUNPATH_SEARCH_PATHS = "$(inherited) @executable_path/Frameworks";
				PRODUCT_BUNDLE_IDENTIFIER = main.PitchPerfect;
				PRODUCT_NAME = "$(TARGET_NAME)";
				SWIFT_VERSION = 3.0;
			};
			name = Debug;
		};
		29CE04C31D94ADCC0034F3CA /* Release */ = {
			isa = XCBuildConfiguration;
			buildSettings = {
				ASSETCATALOG_COMPILER_APPICON_NAME = AppIcon;
				INFOPLIST_FILE = PitchPerfect/Info.plist;
				LD_RUNPATH_SEARCH_PATHS = "$(inherited) @executable_path/Frameworks";
				PRODUCT_BUNDLE_IDENTIFIER = main.PitchPerfect;
				PRODUCT_NAME = "$(TARGET_NAME)";
				SWIFT_VERSION = 3.0;
			};
			name = Release;
		};
		29CE04C51D94ADCC0034F3CA /* Debug */ = {
			isa = XCBuildConfiguration;
			buildSettings = {
				ALWAYS_EMBED_SWIFT_STANDARD_LIBRARIES = YES;
				BUNDLE_LOADER = "$(TEST_HOST)";
				INFOPLIST_FILE = PitchPerfectTests/Info.plist;
				LD_RUNPATH_SEARCH_PATHS = "$(inherited) @executable_path/Frameworks @loader_path/Frameworks";
				PRODUCT_BUNDLE_IDENTIFIER = main.PitchPerfectTests;
				PRODUCT_NAME = "$(TARGET_NAME)";
				SWIFT_VERSION = 3.0;
				TEST_HOST = "$(BUILT_PRODUCTS_DIR)/PitchPerfect.app/PitchPerfect";
			};
			name = Debug;
		};
		29CE04C61D94ADCC0034F3CA /* Release */ = {
			isa = XCBuildConfiguration;
			buildSettings = {
				ALWAYS_EMBED_SWIFT_STANDARD_LIBRARIES = YES;
				BUNDLE_LOADER = "$(TEST_HOST)";
				INFOPLIST_FILE = PitchPerfectTests/Info.plist;
				LD_RUNPATH_SEARCH_PATHS = "$(inherited) @executable_path/Frameworks @loader_path/Frameworks";
				PRODUCT_BUNDLE_IDENTIFIER = main.PitchPerfectTests;
				PRODUCT_NAME = "$(TARGET_NAME)";
				SWIFT_VERSION = 3.0;
				TEST_HOST = "$(BUILT_PRODUCTS_DIR)/PitchPerfect.app/PitchPerfect";
			};
			name = Release;
		};
		29CE04C81D94ADCC0034F3CA /* Debug */ = {
			isa = XCBuildConfiguration;
			buildSettings = {
				ALWAYS_EMBED_SWIFT_STANDARD_LIBRARIES = YES;
				INFOPLIST_FILE = PitchPerfectUITests/Info.plist;
				LD_RUNPATH_SEARCH_PATHS = "$(inherited) @executable_path/Frameworks @loader_path/Frameworks";
				PRODUCT_BUNDLE_IDENTIFIER = main.PitchPerfectUITests;
				PRODUCT_NAME = "$(TARGET_NAME)";
				SWIFT_VERSION = 3.0;
				TEST_TARGET_NAME = PitchPerfect;
			};
			name = Debug;
		};
		29CE04C91D94ADCC0034F3CA /* Release */ = {
			isa = XCBuildConfiguration;
			buildSettings = {
				ALWAYS_EMBED_SWIFT_STANDARD_LIBRARIES = YES;
				INFOPLIST_FILE = PitchPerfectUITests/Info.plist;
				LD_RUNPATH_SEARCH_PATHS = "$(inherited) @executable_path/Frameworks @loader_path/Frameworks";
				PRODUCT_BUNDLE_IDENTIFIER = main.PitchPerfectUITests;
				PRODUCT_NAME = "$(TARGET_NAME)";
				SWIFT_VERSION = 3.0;
				TEST_TARGET_NAME = PitchPerfect;
			};
			name = Release;
		};
/* End XCBuildConfiguration section */

/* Begin XCConfigurationList section */
		29CE04941D94ADCC0034F3CA /* Build configuration list for PBXProject "PitchPerfect" */ = {
			isa = XCConfigurationList;
			buildConfigurations = (
				29CE04BF1D94ADCC0034F3CA /* Debug */,
				29CE04C01D94ADCC0034F3CA /* Release */,
			);
			defaultConfigurationIsVisible = 0;
			defaultConfigurationName = Release;
		};
		29CE04C11D94ADCC0034F3CA /* Build configuration list for PBXNativeTarget "PitchPerfect" */ = {
			isa = XCConfigurationList;
			buildConfigurations = (
				29CE04C21D94ADCC0034F3CA /* Debug */,
				29CE04C31D94ADCC0034F3CA /* Release */,
			);
			defaultConfigurationIsVisible = 0;
			defaultConfigurationName = Release;
		};
		29CE04C41D94ADCC0034F3CA /* Build configuration list for PBXNativeTarget "PitchPerfectTests" */ = {
			isa = XCConfigurationList;
			buildConfigurations = (
				29CE04C51D94ADCC0034F3CA /* Debug */,
				29CE04C61D94ADCC0034F3CA /* Release */,
			);
			defaultConfigurationIsVisible = 0;
			defaultConfigurationName = Release;
		};
		29CE04C71D94ADCC0034F3CA /* Build configuration list for PBXNativeTarget "PitchPerfectUITests" */ = {
			isa = XCConfigurationList;
			buildConfigurations = (
				29CE04C81D94ADCC0034F3CA /* Debug */,
				29CE04C91D94ADCC0034F3CA /* Release */,
			);
			defaultConfigurationIsVisible = 0;
			defaultConfigurationName = Release;
		};
/* End XCConfigurationList section */
	};
	rootObject = 29CE04911D94ADCC0034F3CA /* Project object */;
}
